hash: 98e1afbc3f545e8bfa53349ea04b5fe312ca40296d36b00bd530412fc0645846
updated: 2017-07-25T15:43:05.139691094+03:00
imports:
- name: github.com/gorilla/websocket
  version: ea4d1f681babbce9545c9c5f3d5194a789c89f5b
- name: github.com/rs/cors
  version: 8dd4211afb5d08dbb39a533b9bb9e4b486351df6
- name: github.com/thoas/go-funk
  version: 14304e8530de7dbb909c8305591b3a8370dd9dbb
testImports: []
